# This is a Gradle generated file for dependency locking.
# Manual edits can break the build and are not advised.
# This file is expected to be part of source control.
ch.qos.logback:logback-classic:1.3.14=ktlint
ch.qos.logback:logback-classic:1.5.16=compileClasspath,implementationDependenciesMetadata,nativeImageClasspath,nativeImageTestClasspath,runtimeClasspath,testCompileClasspath,testImplementationDependenciesMetadata,testRuntimeClasspath
ch.qos.logback:logback-core:1.3.14=ktlint
ch.qos.logback:logback-core:1.5.16=compileClasspath,implementationDependenciesMetadata,nativeImageClasspath,nativeImageTestClasspath,runtimeClasspath,testCompileClasspath,testImplementationDependenciesMetadata,testRuntimeClasspath
com.github.ajalt.clikt:clikt-core-jvm:5.0.2=ktlint
com.github.ajalt.clikt:clikt-core:5.0.2=ktlint
com.github.ajalt.clikt:clikt-jvm:5.0.2=ktlint
com.github.ajalt.clikt:clikt:5.0.2=ktlint
com.github.ajalt.colormath:colormath-jvm:3.6.0=ktlint
com.github.ajalt.colormath:colormath:3.6.0=ktlint
com.github.ajalt.mordant:mordant-core-jvm:3.0.1=ktlint
com.github.ajalt.mordant:mordant-core:3.0.1=ktlint
com.github.ajalt.mordant:mordant-jvm-ffm-jvm:3.0.1=ktlint
com.github.ajalt.mordant:mordant-jvm-ffm:3.0.1=ktlint
com.github.ajalt.mordant:mordant-jvm-graal-ffi-jvm:3.0.1=ktlint
com.github.ajalt.mordant:mordant-jvm-graal-ffi:3.0.1=ktlint
com.github.ajalt.mordant:mordant-jvm-jna-jvm:3.0.1=ktlint
com.github.ajalt.mordant:mordant-jvm-jna:3.0.1=ktlint
com.github.ajalt.mordant:mordant-jvm:3.0.1=ktlint
com.github.ajalt.mordant:mordant:3.0.1=ktlint
com.github.ajalt:colormath:1.2.0=nativeImageTestClasspath,testCompileClasspath,testRuntimeClasspath
com.github.ajalt:mordant:1.2.1=nativeImageTestClasspath,testCompileClasspath,testRuntimeClasspath
com.google.api-client:google-api-client:2.7.0=compileClasspath,implementationDependenciesMetadata,nativeImageClasspath,nativeImageTestClasspath,runtimeClasspath,testCompileClasspath,testImplementationDependenciesMetadata,testRuntimeClasspath
com.google.apis:google-api-services-calendar:v3-rev20241101-2.0.0=compileClasspath,implementationDependenciesMetadata,nativeImageClasspath,nativeImageTestClasspath,runtimeClasspath,testCompileClasspath,testImplementationDependenciesMetadata,testRuntimeClasspath
com.google.auth:google-auth-library-credentials:1.30.1=compileClasspath,implementationDependenciesMetadata,nativeImageClasspath,nativeImageTestClasspath,runtimeClasspath,testCompileClasspath,testImplementationDependenciesMetadata,testRuntimeClasspath
com.google.auth:google-auth-library-oauth2-http:1.30.1=compileClasspath,implementationDependenciesMetadata,nativeImageClasspath,nativeImageTestClasspath,runtimeClasspath,testCompileClasspath,testImplementationDependenciesMetadata,testRuntimeClasspath
com.google.auto.value:auto-value-annotations:1.11.0=compileClasspath,implementationDependenciesMetadata,nativeImageClasspath,nativeImageTestClasspath,runtimeClasspath,testCompileClasspath,testImplementationDependenciesMetadata,testRuntimeClasspath
com.google.code.findbugs:jsr305:3.0.2=compileClasspath,implementationDependenciesMetadata,nativeImageClasspath,nativeImageTestClasspath,runtimeClasspath,testCompileClasspath,testImplementationDependenciesMetadata,testRuntimeClasspath
com.google.code.gson:gson:2.11.0=compileClasspath,implementationDependenciesMetadata,nativeImageClasspath,nativeImageTestClasspath,runtimeClasspath,testCompileClasspath,testImplementationDependenciesMetadata,testRuntimeClasspath
com.google.errorprone:error_prone_annotations:2.36.0=compileClasspath,implementationDependenciesMetadata,nativeImageClasspath,nativeImageTestClasspath,runtimeClasspath,testCompileClasspath,testImplementationDependenciesMetadata,testRuntimeClasspath
com.google.guava:failureaccess:1.0.2=compileClasspath,implementationDependenciesMetadata,nativeImageClasspath,nativeImageTestClasspath,runtimeClasspath,testCompileClasspath,testImplementationDependenciesMetadata,testRuntimeClasspath
com.google.guava:guava:33.3.1-android=compileClasspath,implementationDependenciesMetadata,nativeImageClasspath,nativeImageTestClasspath,runtimeClasspath,testCompileClasspath,testImplementationDependenciesMetadata,testRuntimeClasspath
com.google.guava:listenablefuture:9999.0-empty-to-avoid-conflict-with-guava=compileClasspath,implementationDependenciesMetadata,nativeImageClasspath,nativeImageTestClasspath,runtimeClasspath,testCompileClasspath,testImplementationDependenciesMetadata,testRuntimeClasspath
com.google.http-client:google-http-client-apache-v2:1.45.0=compileClasspath,implementationDependenciesMetadata,nativeImageClasspath,nativeImageTestClasspath,runtimeClasspath,testCompileClasspath,testImplementationDependenciesMetadata,testRuntimeClasspath
com.google.http-client:google-http-client-gson:1.45.2=compileClasspath,implementationDependenciesMetadata,nativeImageClasspath,nativeImageTestClasspath,runtimeClasspath,testCompileClasspath,testImplementationDependenciesMetadata,testRuntimeClasspath
com.google.http-client:google-http-client:1.45.2=compileClasspath,implementationDependenciesMetadata,nativeImageClasspath,nativeImageTestClasspath,runtimeClasspath,testCompileClasspath,testImplementationDependenciesMetadata,testRuntimeClasspath
com.google.j2objc:j2objc-annotations:3.0.0=compileClasspath,implementationDependenciesMetadata,nativeImageClasspath,nativeImageTestClasspath,runtimeClasspath,testCompileClasspath,testImplementationDependenciesMetadata,testRuntimeClasspath
com.google.oauth-client:google-oauth-client:1.36.0=compileClasspath,implementationDependenciesMetadata,nativeImageClasspath,nativeImageTestClasspath,runtimeClasspath,testCompileClasspath,testImplementationDependenciesMetadata,testRuntimeClasspath
com.pinterest.ktlint:ktlint-cli-reporter-baseline:1.5.0=ktlint
com.pinterest.ktlint:ktlint-cli-reporter-checkstyle:1.5.0=ktlint
com.pinterest.ktlint:ktlint-cli-reporter-core:1.5.0=ktlint
com.pinterest.ktlint:ktlint-cli-reporter-format:1.5.0=ktlint
com.pinterest.ktlint:ktlint-cli-reporter-html:1.5.0=ktlint
com.pinterest.ktlint:ktlint-cli-reporter-json:1.5.0=ktlint
com.pinterest.ktlint:ktlint-cli-reporter-plain-summary:1.5.0=ktlint
com.pinterest.ktlint:ktlint-cli-reporter-plain:1.5.0=ktlint
com.pinterest.ktlint:ktlint-cli-reporter-sarif:1.5.0=ktlint
com.pinterest.ktlint:ktlint-cli-ruleset-core:1.5.0=ktlint
com.pinterest.ktlint:ktlint-cli:1.5.0=ktlint
com.pinterest.ktlint:ktlint-logger:1.5.0=ktlint
com.pinterest.ktlint:ktlint-rule-engine-core:1.5.0=ktlint
com.pinterest.ktlint:ktlint-rule-engine:1.5.0=ktlint
com.pinterest.ktlint:ktlint-ruleset-standard:1.5.0=ktlint
com.sksamuel.hoplite:hoplite-core:2.9.0=compileClasspath,implementationDependenciesMetadata,nativeImageClasspath,nativeImageTestClasspath,runtimeClasspath,testCompileClasspath,testImplementationDependenciesMetadata,testRuntimeClasspath
com.sksamuel.hoplite:hoplite-yaml:2.9.0=compileClasspath,implementationDependenciesMetadata,nativeImageClasspath,nativeImageTestClasspath,runtimeClasspath,testCompileClasspath,testImplementationDependenciesMetadata,testRuntimeClasspath
com.typesafe:config:1.4.3=compileClasspath,implementationDependenciesMetadata,nativeImageClasspath,nativeImageTestClasspath,runtimeClasspath,testCompileClasspath,testImplementationDependenciesMetadata,testRuntimeClasspath
commons-codec:commons-codec:1.17.0=compileClasspath,implementationDependenciesMetadata,nativeImageClasspath,nativeImageTestClasspath,runtimeClasspath,testCompileClasspath,testImplementationDependenciesMetadata,testRuntimeClasspath
commons-logging:commons-logging:1.2=compileClasspath,implementationDependenciesMetadata,nativeImageClasspath,nativeImageTestClasspath,runtimeClasspath,testCompileClasspath,testImplementationDependenciesMetadata,testRuntimeClasspath
dev.drewhamilton.poko:poko-annotations-jvm:0.16.0=detekt
dev.drewhamilton.poko:poko-annotations-jvm:0.18.0=ktlint
dev.drewhamilton.poko:poko-annotations:0.16.0=detekt
dev.drewhamilton.poko:poko-annotations:0.18.0=ktlint
io.github.classgraph:classgraph:4.8.172=nativeImageTestClasspath,testCompileClasspath,testRuntimeClasspath
io.github.davidburstrom.contester:contester-breakpoint:0.2.0=detekt
io.github.detekt.sarif4k:sarif4k-jvm:0.6.0=detekt,ktlint
io.github.detekt.sarif4k:sarif4k:0.6.0=detekt,ktlint
io.github.java-diff-utils:java-diff-utils:4.12=nativeImageTestClasspath,testRuntimeClasspath
io.github.oshai:kotlin-logging-jvm:7.0.3=ktlint
io.gitlab.arturbosch.detekt:detekt-api:1.23.7=detekt
io.gitlab.arturbosch.detekt:detekt-cli:1.23.7=detekt
io.gitlab.arturbosch.detekt:detekt-core:1.23.7=detekt
io.gitlab.arturbosch.detekt:detekt-metrics:1.23.7=detekt
io.gitlab.arturbosch.detekt:detekt-parser:1.23.7=detekt
io.gitlab.arturbosch.detekt:detekt-psi-utils:1.23.7=detekt
io.gitlab.arturbosch.detekt:detekt-report-html:1.23.7=detekt
io.gitlab.arturbosch.detekt:detekt-report-md:1.23.7=detekt
io.gitlab.arturbosch.detekt:detekt-report-sarif:1.23.7=detekt
io.gitlab.arturbosch.detekt:detekt-report-txt:1.23.7=detekt
io.gitlab.arturbosch.detekt:detekt-report-xml:1.23.7=detekt
io.gitlab.arturbosch.detekt:detekt-rules-complexity:1.23.7=detekt
io.gitlab.arturbosch.detekt:detekt-rules-coroutines:1.23.7=detekt
io.gitlab.arturbosch.detekt:detekt-rules-documentation:1.23.7=detekt
io.gitlab.arturbosch.detekt:detekt-rules-empty:1.23.7=detekt
io.gitlab.arturbosch.detekt:detekt-rules-errorprone:1.23.7=detekt
io.gitlab.arturbosch.detekt:detekt-rules-exceptions:1.23.7=detekt
io.gitlab.arturbosch.detekt:detekt-rules-naming:1.23.7=detekt
io.gitlab.arturbosch.detekt:detekt-rules-performance:1.23.7=detekt
io.gitlab.arturbosch.detekt:detekt-rules-style:1.23.7=detekt
io.gitlab.arturbosch.detekt:detekt-rules:1.23.7=detekt
io.gitlab.arturbosch.detekt:detekt-tooling:1.23.7=detekt
io.gitlab.arturbosch.detekt:detekt-utils:1.23.7=detekt
io.grpc:grpc-api:1.68.2=nativeImageClasspath,nativeImageTestClasspath,runtimeClasspath,testRuntimeClasspath
io.grpc:grpc-context:1.68.2=compileClasspath,implementationDependenciesMetadata,nativeImageClasspath,nativeImageTestClasspath,runtimeClasspath,testCompileClasspath,testImplementationDependenciesMetadata,testRuntimeClasspath
io.kotest:kotest-assertions-api-jvm:5.9.1=nativeImageTestClasspath,testCompileClasspath,testRuntimeClasspath
io.kotest:kotest-assertions-api:5.9.1=nativeImageTestClasspath,testCompileClasspath,testImplementationDependenciesMetadata,testRuntimeClasspath
io.kotest:kotest-assertions-core-jvm:5.9.1=nativeImageTestClasspath,testCompileClasspath,testRuntimeClasspath
io.kotest:kotest-assertions-core:5.9.1=nativeImageTestClasspath,testCompileClasspath,testImplementationDependenciesMetadata,testRuntimeClasspath
io.kotest:kotest-assertions-shared-jvm:5.9.1=nativeImageTestClasspath,testCompileClasspath,testRuntimeClasspath
io.kotest:kotest-assertions-shared:5.9.1=nativeImageTestClasspath,testCompileClasspath,testImplementationDependenciesMetadata,testRuntimeClasspath
io.kotest:kotest-common-jvm:5.9.1=nativeImageTestClasspath,testCompileClasspath,testRuntimeClasspath
io.kotest:kotest-common:5.9.1=nativeImageTestClasspath,testCompileClasspath,testImplementationDependenciesMetadata,testRuntimeClasspath
io.kotest:kotest-extensions-jvm:5.9.1=nativeImageTestClasspath,testCompileClasspath,testRuntimeClasspath
io.kotest:kotest-extensions:5.9.1=nativeImageTestClasspath,testCompileClasspath,testRuntimeClasspath
io.kotest:kotest-framework-api-jvm:5.9.1=nativeImageTestClasspath,testCompileClasspath,testRuntimeClasspath
io.kotest:kotest-framework-api:5.9.1=nativeImageTestClasspath,testCompileClasspath,testRuntimeClasspath
io.kotest:kotest-framework-concurrency-jvm:5.9.1=nativeImageTestClasspath,testCompileClasspath,testRuntimeClasspath
io.kotest:kotest-framework-concurrency:5.9.1=nativeImageTestClasspath,testCompileClasspath,testRuntimeClasspath
io.kotest:kotest-framework-discovery-jvm:5.9.1=nativeImageTestClasspath,testCompileClasspath,testRuntimeClasspath
io.kotest:kotest-framework-discovery:5.9.1=nativeImageTestClasspath,testCompileClasspath,testRuntimeClasspath
io.kotest:kotest-framework-engine-jvm:5.9.1=nativeImageTestClasspath,testCompileClasspath,testRuntimeClasspath
io.kotest:kotest-framework-engine:5.9.1=nativeImageTestClasspath,testCompileClasspath,testRuntimeClasspath
io.kotest:kotest-runner-junit5-jvm:5.9.1=nativeImageTestClasspath,testCompileClasspath,testRuntimeClasspath
io.kotest:kotest-runner-junit5:5.9.1=nativeImageTestClasspath,testCompileClasspath,testImplementationDependenciesMetadata,testRuntimeClasspath
io.ktor:ktor-bom:3.0.3=compileClasspath,implementationDependenciesMetadata,nativeImageClasspath,nativeImageTestClasspath,runtimeClasspath,testCompileClasspath,testImplementationDependenciesMetadata,testRuntimeClasspath
io.ktor:ktor-client-apache-jvm:3.0.3=nativeImageTestClasspath,testCompileClasspath,testRuntimeClasspath
io.ktor:ktor-client-apache:3.0.3=nativeImageTestClasspath,testCompileClasspath,testImplementationDependenciesMetadata,testRuntimeClasspath
io.ktor:ktor-client-cio-jvm:3.0.3=nativeImageTestClasspath,testCompileClasspath,testRuntimeClasspath
io.ktor:ktor-client-cio:3.0.3=nativeImageTestClasspath,testCompileClasspath,testImplementationDependenciesMetadata,testRuntimeClasspath
io.ktor:ktor-client-core-jvm:3.0.3=nativeImageTestClasspath,testCompileClasspath,testRuntimeClasspath
io.ktor:ktor-client-core:3.0.3=nativeImageTestClasspath,testCompileClasspath,testImplementationDependenciesMetadata,testRuntimeClasspath
io.ktor:ktor-events-jvm:3.0.3=compileClasspath,nativeImageClasspath,nativeImageTestClasspath,runtimeClasspath,testCompileClasspath,testRuntimeClasspath
io.ktor:ktor-events:3.0.3=compileClasspath,implementationDependenciesMetadata,nativeImageClasspath,nativeImageTestClasspath,runtimeClasspath,testCompileClasspath,testImplementationDependenciesMetadata,testRuntimeClasspath
io.ktor:ktor-http-cio-jvm:3.0.3=compileClasspath,nativeImageClasspath,nativeImageTestClasspath,runtimeClasspath,testCompileClasspath,testRuntimeClasspath
io.ktor:ktor-http-cio:3.0.3=compileClasspath,implementationDependenciesMetadata,nativeImageClasspath,nativeImageTestClasspath,runtimeClasspath,testCompileClasspath,testImplementationDependenciesMetadata,testRuntimeClasspath
io.ktor:ktor-http-jvm:3.0.3=compileClasspath,nativeImageClasspath,nativeImageTestClasspath,runtimeClasspath,testCompileClasspath,testRuntimeClasspath
io.ktor:ktor-http:3.0.3=compileClasspath,implementationDependenciesMetadata,nativeImageClasspath,nativeImageTestClasspath,runtimeClasspath,testCompileClasspath,testImplementationDependenciesMetadata,testRuntimeClasspath
io.ktor:ktor-io-jvm:3.0.3=compileClasspath,nativeImageClasspath,nativeImageTestClasspath,runtimeClasspath,testCompileClasspath,testRuntimeClasspath
io.ktor:ktor-io:3.0.3=compileClasspath,implementationDependenciesMetadata,nativeImageClasspath,nativeImageTestClasspath,runtimeClasspath,testCompileClasspath,testImplementationDependenciesMetadata,testRuntimeClasspath
io.ktor:ktor-network-jvm:3.0.3=compileClasspath,nativeImageClasspath,nativeImageTestClasspath,runtimeClasspath,testCompileClasspath,testRuntimeClasspath
io.ktor:ktor-network-tls-certificates-jvm:3.0.3=nativeImageTestClasspath,testCompileClasspath,testRuntimeClasspath
io.ktor:ktor-network-tls-certificates:3.0.3=nativeImageTestClasspath,testCompileClasspath,testImplementationDependenciesMetadata,testRuntimeClasspath
io.ktor:ktor-network-tls-jvm:3.0.3=nativeImageTestClasspath,testCompileClasspath,testRuntimeClasspath
io.ktor:ktor-network-tls:3.0.3=nativeImageTestClasspath,testCompileClasspath,testImplementationDependenciesMetadata,testRuntimeClasspath
io.ktor:ktor-network:3.0.3=compileClasspath,implementationDependenciesMetadata,nativeImageClasspath,nativeImageTestClasspath,runtimeClasspath,testCompileClasspath,testImplementationDependenciesMetadata,testRuntimeClasspath
io.ktor:ktor-serialization-jvm:3.0.3=compileClasspath,nativeImageClasspath,nativeImageTestClasspath,runtimeClasspath,testCompileClasspath,testRuntimeClasspath
io.ktor:ktor-serialization-kotlinx-json-jvm:3.0.3=compileClasspath,implementationDependenciesMetadata,nativeImageClasspath,nativeImageTestClasspath,runtimeClasspath,testCompileClasspath,testImplementationDependenciesMetadata,testRuntimeClasspath
io.ktor:ktor-serialization-kotlinx-jvm:3.0.3=compileClasspath,nativeImageClasspath,nativeImageTestClasspath,runtimeClasspath,testCompileClasspath,testRuntimeClasspath
io.ktor:ktor-serialization-kotlinx:3.0.3=compileClasspath,implementationDependenciesMetadata,nativeImageClasspath,nativeImageTestClasspath,runtimeClasspath,testCompileClasspath,testImplementationDependenciesMetadata,testRuntimeClasspath
io.ktor:ktor-serialization:3.0.3=compileClasspath,implementationDependenciesMetadata,nativeImageClasspath,nativeImageTestClasspath,runtimeClasspath,testCompileClasspath,testImplementationDependenciesMetadata,testRuntimeClasspath
io.ktor:ktor-server-call-logging-jvm:3.0.3=nativeImageTestClasspath,testCompileClasspath,testRuntimeClasspath
io.ktor:ktor-server-call-logging:3.0.3=nativeImageTestClasspath,testCompileClasspath,testImplementationDependenciesMetadata,testRuntimeClasspath
io.ktor:ktor-server-cio-jvm:3.0.3=compileClasspath,implementationDependenciesMetadata,nativeImageClasspath,nativeImageTestClasspath,runtimeClasspath,testCompileClasspath,testImplementationDependenciesMetadata,testRuntimeClasspath
io.ktor:ktor-server-core-jvm:3.0.3=compileClasspath,implementationDependenciesMetadata,nativeImageClasspath,nativeImageTestClasspath,runtimeClasspath,testCompileClasspath,testImplementationDependenciesMetadata,testRuntimeClasspath
io.ktor:ktor-server-core:3.0.3=compileClasspath,implementationDependenciesMetadata,nativeImageClasspath,nativeImageTestClasspath,runtimeClasspath,testCompileClasspath,testImplementationDependenciesMetadata,testRuntimeClasspath
io.ktor:ktor-server-metrics-micrometer-jvm:3.0.3=compileClasspath,implementationDependenciesMetadata,nativeImageClasspath,nativeImageTestClasspath,runtimeClasspath,testCompileClasspath,testImplementationDependenciesMetadata,testRuntimeClasspath
io.ktor:ktor-server-test-host-jvm:3.0.3=nativeImageTestClasspath,testCompileClasspath,testImplementationDependenciesMetadata,testRuntimeClasspath
io.ktor:ktor-server-websockets-jvm:3.0.3=nativeImageTestClasspath,testCompileClasspath,testRuntimeClasspath
io.ktor:ktor-server-websockets:3.0.3=nativeImageTestClasspath,testCompileClasspath,testImplementationDependenciesMetadata,testRuntimeClasspath
io.ktor:ktor-sse-jvm:3.0.3=nativeImageTestClasspath,testCompileClasspath,testRuntimeClasspath
io.ktor:ktor-sse:3.0.3=nativeImageTestClasspath,testCompileClasspath,testImplementationDependenciesMetadata,testRuntimeClasspath
io.ktor:ktor-test-dispatcher-jvm:3.0.3=nativeImageTestClasspath,testCompileClasspath,testRuntimeClasspath
io.ktor:ktor-test-dispatcher:3.0.3=nativeImageTestClasspath,testCompileClasspath,testImplementationDependenciesMetadata,testRuntimeClasspath
io.ktor:ktor-utils-jvm:3.0.3=compileClasspath,nativeImageClasspath,nativeImageTestClasspath,runtimeClasspath,testCompileClasspath,testRuntimeClasspath
io.ktor:ktor-utils:3.0.3=compileClasspath,implementationDependenciesMetadata,nativeImageClasspath,nativeImageTestClasspath,runtimeClasspath,testCompileClasspath,testImplementationDependenciesMetadata,testRuntimeClasspath
io.ktor:ktor-websocket-serialization-jvm:3.0.3=nativeImageTestClasspath,testCompileClasspath,testRuntimeClasspath
io.ktor:ktor-websocket-serialization:3.0.3=nativeImageTestClasspath,testCompileClasspath,testImplementationDependenciesMetadata,testRuntimeClasspath
io.ktor:ktor-websockets-jvm:3.0.3=compileClasspath,nativeImageClasspath,nativeImageTestClasspath,runtimeClasspath,testCompileClasspath,testRuntimeClasspath
io.ktor:ktor-websockets:3.0.3=compileClasspath,implementationDependenciesMetadata,nativeImageClasspath,nativeImageTestClasspath,runtimeClasspath,testCompileClasspath,testImplementationDependenciesMetadata,testRuntimeClasspath
io.micrometer:micrometer-commons:1.14.2=compileClasspath,implementationDependenciesMetadata,nativeImageClasspath,nativeImageTestClasspath,runtimeClasspath,testCompileClasspath,testImplementationDependenciesMetadata,testRuntimeClasspath
io.micrometer:micrometer-core:1.14.2=compileClasspath,implementationDependenciesMetadata,nativeImageClasspath,nativeImageTestClasspath,runtimeClasspath,testCompileClasspath,testImplementationDependenciesMetadata,testRuntimeClasspath
io.micrometer:micrometer-observation:1.14.2=compileClasspath,implementationDependenciesMetadata,nativeImageClasspath,nativeImageTestClasspath,runtimeClasspath,testCompileClasspath,testImplementationDependenciesMetadata,testRuntimeClasspath
io.micrometer:micrometer-registry-prometheus:1.14.2=compileClasspath,implementationDependenciesMetadata,nativeImageClasspath,nativeImageTestClasspath,runtimeClasspath,testCompileClasspath,testImplementationDependenciesMetadata,testRuntimeClasspath
io.mockk:mockk-agent-api-jvm:1.13.14=nativeImageTestClasspath,testCompileClasspath,testRuntimeClasspath
io.mockk:mockk-agent-api:1.13.14=nativeImageTestClasspath,testCompileClasspath,testImplementationDependenciesMetadata,testRuntimeClasspath
io.mockk:mockk-agent-jvm:1.13.14=nativeImageTestClasspath,testCompileClasspath,testRuntimeClasspath
io.mockk:mockk-agent:1.13.14=nativeImageTestClasspath,testCompileClasspath,testImplementationDependenciesMetadata,testRuntimeClasspath
io.mockk:mockk-core-jvm:1.13.14=nativeImageTestClasspath,testCompileClasspath,testRuntimeClasspath
io.mockk:mockk-core:1.13.14=nativeImageTestClasspath,testCompileClasspath,testImplementationDependenciesMetadata,testRuntimeClasspath
io.mockk:mockk-dsl-jvm:1.13.14=nativeImageTestClasspath,testCompileClasspath,testRuntimeClasspath
io.mockk:mockk-dsl:1.13.14=nativeImageTestClasspath,testCompileClasspath,testImplementationDependenciesMetadata,testRuntimeClasspath
io.mockk:mockk-jvm:1.13.14=nativeImageTestClasspath,testCompileClasspath,testRuntimeClasspath
io.mockk:mockk:1.13.14=nativeImageTestClasspath,testCompileClasspath,testImplementationDependenciesMetadata,testRuntimeClasspath
io.opencensus:opencensus-api:0.31.1=compileClasspath,implementationDependenciesMetadata,nativeImageClasspath,nativeImageTestClasspath,runtimeClasspath,testCompileClasspath,testImplementationDependenciesMetadata,testRuntimeClasspath
io.opencensus:opencensus-contrib-http-util:0.31.1=compileClasspath,implementationDependenciesMetadata,nativeImageClasspath,nativeImageTestClasspath,runtimeClasspath,testCompileClasspath,testImplementationDependenciesMetadata,testRuntimeClasspath
io.prometheus:prometheus-metrics-config:1.3.4=compileClasspath,implementationDependenciesMetadata,nativeImageClasspath,nativeImageTestClasspath,runtimeClasspath,testCompileClasspath,testImplementationDependenciesMetadata,testRuntimeClasspath
io.prometheus:prometheus-metrics-core:1.3.4=compileClasspath,implementationDependenciesMetadata,nativeImageClasspath,nativeImageTestClasspath,runtimeClasspath,testCompileClasspath,testImplementationDependenciesMetadata,testRuntimeClasspath
io.prometheus:prometheus-metrics-exposition-formats:1.3.4=nativeImageClasspath,nativeImageTestClasspath,runtimeClasspath,testRuntimeClasspath
io.prometheus:prometheus-metrics-exposition-textformats:1.3.4=nativeImageClasspath,nativeImageTestClasspath,runtimeClasspath,testRuntimeClasspath
io.prometheus:prometheus-metrics-model:1.3.4=compileClasspath,implementationDependenciesMetadata,nativeImageClasspath,nativeImageTestClasspath,runtimeClasspath,testCompileClasspath,testImplementationDependenciesMetadata,testRuntimeClasspath
io.prometheus:prometheus-metrics-tracer-common:1.3.4=compileClasspath,implementationDependenciesMetadata,nativeImageClasspath,nativeImageTestClasspath,runtimeClasspath,testCompileClasspath,testImplementationDependenciesMetadata,testRuntimeClasspath
junit:junit:4.13.2=nativeImageTestClasspath,testRuntimeClasspath
net.bytebuddy:byte-buddy-agent:1.14.17=nativeImageTestClasspath,testCompileClasspath,testRuntimeClasspath
net.bytebuddy:byte-buddy:1.14.17=nativeImageTestClasspath,testCompileClasspath,testRuntimeClasspath
net.java.dev.jna:jna-platform:5.9.0=nativeImageTestClasspath,testRuntimeClasspath
net.java.dev.jna:jna:5.14.0=ktlint
net.java.dev.jna:jna:5.9.0=nativeImageTestClasspath,testRuntimeClasspath
org.apache.httpcomponents:httpasyncclient:4.1.5=nativeImageTestClasspath,testCompileClasspath,testRuntimeClasspath
org.apache.httpcomponents:httpclient:4.5.14=compileClasspath,implementationDependenciesMetadata,nativeImageClasspath,nativeImageTestClasspath,runtimeClasspath,testCompileClasspath,testImplementationDependenciesMetadata,testRuntimeClasspath
org.apache.httpcomponents:httpcore-nio:4.4.15=nativeImageTestClasspath,testCompileClasspath,testRuntimeClasspath
org.apache.httpcomponents:httpcore:4.4.16=compileClasspath,implementationDependenciesMetadata,nativeImageClasspath,nativeImageTestClasspath,runtimeClasspath,testCompileClasspath,testImplementationDependenciesMetadata,testRuntimeClasspath
org.apiguardian:apiguardian-api:1.1.2=testCompileClasspath,testImplementationDependenciesMetadata
org.checkerframework:checker-qual:3.43.0=compileClasspath,implementationDependenciesMetadata,nativeImageClasspath,nativeImageTestClasspath,runtimeClasspath,testCompileClasspath,testImplementationDependenciesMetadata,testRuntimeClasspath
org.ec4j.core:ec4j-core:1.1.0=ktlint
org.fusesource.jansi:jansi:2.4.1=nativeImageClasspath,nativeImageTestClasspath,runtimeClasspath,testRuntimeClasspath
org.graalvm.buildtools:junit-platform-native:0.10.4=nativeImageTestClasspath,testCompileClasspath,testImplementationDependenciesMetadata,testRuntimeClasspath
org.hamcrest:hamcrest-core:1.3=nativeImageTestClasspath,testRuntimeClasspath
org.hdrhistogram:HdrHistogram:2.2.2=nativeImageClasspath,nativeImageTestClasspath,runtimeClasspath,testRuntimeClasspath
org.jcommander:jcommander:1.85=detekt
org.jetbrains.exposed:exposed-core:0.57.0=compileClasspath,implementationDependenciesMetadata,nativeImageClasspath,nativeImageTestClasspath,runtimeClasspath,testCompileClasspath,testImplementationDependenciesMetadata,testRuntimeClasspath
org.jetbrains.exposed:exposed-dao:0.57.0=compileClasspath,implementationDependenciesMetadata,nativeImageClasspath,nativeImageTestClasspath,runtimeClasspath,testCompileClasspath,testImplementationDependenciesMetadata,testRuntimeClasspath
org.jetbrains.exposed:exposed-jdbc:0.57.0=compileClasspath,implementationDependenciesMetadata,nativeImageClasspath,nativeImageTestClasspath,runtimeClasspath,testCompileClasspath,testImplementationDependenciesMetadata,testRuntimeClasspath
org.jetbrains.exposed:exposed-kotlin-datetime:0.57.0=compileClasspath,implementationDependenciesMetadata,nativeImageClasspath,nativeImageTestClasspath,runtimeClasspath,testCompileClasspath,testImplementationDependenciesMetadata,testRuntimeClasspath
org.jetbrains.intellij.deps:trove4j:1.0.20200330=detekt,kotlinBuildToolsApiClasspath,kotlinCompilerClasspath,kotlinKlibCommonizerClasspath,ktlint
org.jetbrains.kotlin:kotlin-build-common:2.1.0=kotlinBuildToolsApiClasspath
org.jetbrains.kotlin:kotlin-build-tools-api:2.1.0=kotlinBuildToolsApiClasspath
org.jetbrains.kotlin:kotlin-build-tools-impl:2.1.0=kotlinBuildToolsApiClasspath
org.jetbrains.kotlin:kotlin-compiler-embeddable:2.0.10=detekt
org.jetbrains.kotlin:kotlin-compiler-embeddable:2.1.0=kotlinBuildToolsApiClasspath,kotlinCompilerClasspath,kotlinKlibCommonizerClasspath,ktlint
org.jetbrains.kotlin:kotlin-compiler-runner:2.1.0=kotlinBuildToolsApiClasspath
org.jetbrains.kotlin:kotlin-daemon-client:2.1.0=kotlinBuildToolsApiClasspath
org.jetbrains.kotlin:kotlin-daemon-embeddable:2.0.10=detekt
org.jetbrains.kotlin:kotlin-daemon-embeddable:2.1.0=kotlinBuildToolsApiClasspath,kotlinCompilerClasspath,kotlinKlibCommonizerClasspath,ktlint
org.jetbrains.kotlin:kotlin-klib-commonizer-embeddable:2.1.0=kotlinKlibCommonizerClasspath
org.jetbrains.kotlin:kotlin-reflect:1.6.10=kotlinBuildToolsApiClasspath,kotlinCompilerClasspath,kotlinKlibCommonizerClasspath,ktlint
org.jetbrains.kotlin:kotlin-reflect:2.0.10=detekt
org.jetbrains.kotlin:kotlin-reflect:2.0.21=compileClasspath,implementationDependenciesMetadata,nativeImageClasspath,nativeImageTestClasspath,runtimeClasspath,testCompileClasspath,testImplementationDependenciesMetadata,testRuntimeClasspath
org.jetbrains.kotlin:kotlin-script-runtime:2.0.10=detekt
org.jetbrains.kotlin:kotlin-script-runtime:2.1.0=kotlinBuildToolsApiClasspath,kotlinCompilerClasspath,kotlinCompilerPluginClasspathMain,kotlinCompilerPluginClasspathTest,kotlinKlibCommonizerClasspath,ktlint
org.jetbrains.kotlin:kotlin-scripting-common:2.1.0=kotlinBuildToolsApiClasspath,kotlinCompilerPluginClasspathMain,kotlinCompilerPluginClasspathTest
org.jetbrains.kotlin:kotlin-scripting-compiler-embeddable:2.1.0=kotlinBuildToolsApiClasspath,kotlinCompilerPluginClasspathMain,kotlinCompilerPluginClasspathTest
org.jetbrains.kotlin:kotlin-scripting-compiler-impl-embeddable:2.1.0=kotlinBuildToolsApiClasspath,kotlinCompilerPluginClasspathMain,kotlinCompilerPluginClasspathTest
org.jetbrains.kotlin:kotlin-scripting-jvm:2.1.0=kotlinBuildToolsApiClasspath,kotlinCompilerPluginClasspathMain,kotlinCompilerPluginClasspathTest
org.jetbrains.kotlin:kotlin-serialization-compiler-plugin-embeddable:2.1.0=kotlinCompilerPluginClasspathMain,kotlinCompilerPluginClasspathTest
org.jetbrains.kotlin:kotlin-stdlib-common:2.0.10=detekt
org.jetbrains.kotlin:kotlin-stdlib-common:2.1.0=implementationDependenciesMetadata,ktlint,testImplementationDependenciesMetadata
org.jetbrains.kotlin:kotlin-stdlib-jdk7:1.6.21=implementationDependenciesMetadata,testImplementationDependenciesMetadata
org.jetbrains.kotlin:kotlin-stdlib-jdk7:1.8.0=detekt,ktlint
org.jetbrains.kotlin:kotlin-stdlib-jdk8:1.6.21=implementationDependenciesMetadata,testImplementationDependenciesMetadata
org.jetbrains.kotlin:kotlin-stdlib-jdk8:1.8.0=detekt,ktlint
org.jetbrains.kotlin:kotlin-stdlib:2.0.10=detekt
org.jetbrains.kotlin:kotlin-stdlib:2.1.0=apiDependenciesMetadata,compileClasspath,implementationDependenciesMetadata,kotlinBuildToolsApiClasspath,kotlinCompilerClasspath,kotlinCompilerPluginClasspathMain,kotlinCompilerPluginClasspathTest,kotlinKlibCommonizerClasspath,ktlint,nativeImageClasspath,nativeImageTestClasspath,runtimeClasspath,testCompileClasspath,testImplementationDependenciesMetadata,testRuntimeClasspath
org.jetbrains.kotlin:kotlin-test:2.0.21=nativeImageTestClasspath,testCompileClasspath,testImplementationDependenciesMetadata,testRuntimeClasspath
org.jetbrains.kotlinx:atomicfu:0.23.1=implementationDependenciesMetadata,testImplementationDependenciesMetadata
org.jetbrains.kotlinx:kotlinx-coroutines-bom:1.6.4=implementationDependenciesMetadata,testImplementationDependenciesMetadata
org.jetbrains.kotlinx:kotlinx-coroutines-bom:1.9.0=compileClasspath,nativeImageClasspath,nativeImageTestClasspath,runtimeClasspath,testCompileClasspath,testRuntimeClasspath
org.jetbrains.kotlinx:kotlinx-coroutines-core-jvm:1.6.4=kotlinBuildToolsApiClasspath,kotlinCompilerClasspath,kotlinKlibCommonizerClasspath,ktlint
org.jetbrains.kotlinx:kotlinx-coroutines-core-jvm:1.9.0=compileClasspath,nativeImageClasspath,nativeImageTestClasspath,runtimeClasspath,testCompileClasspath,testRuntimeClasspath
org.jetbrains.kotlinx:kotlinx-coroutines-core:1.9.0=compileClasspath,implementationDependenciesMetadata,nativeImageClasspath,nativeImageTestClasspath,runtimeClasspath,testCompileClasspath,testImplementationDependenciesMetadata,testRuntimeClasspath
org.jetbrains.kotlinx:kotlinx-coroutines-debug:1.9.0=nativeImageTestClasspath,testRuntimeClasspath
org.jetbrains.kotlinx:kotlinx-coroutines-jdk8:1.6.4=implementationDependenciesMetadata,testImplementationDependenciesMetadata
org.jetbrains.kotlinx:kotlinx-coroutines-jdk8:1.9.0=compileClasspath,nativeImageClasspath,nativeImageTestClasspath,runtimeClasspath,testCompileClasspath,testRuntimeClasspath
org.jetbrains.kotlinx:kotlinx-coroutines-slf4j:1.9.0=nativeImageTestClasspath,testRuntimeClasspath
org.jetbrains.kotlinx:kotlinx-coroutines-test-jvm:1.9.0=nativeImageTestClasspath,testCompileClasspath,testRuntimeClasspath
org.jetbrains.kotlinx:kotlinx-coroutines-test:1.9.0=nativeImageTestClasspath,testCompileClasspath,testImplementationDependenciesMetadata,testRuntimeClasspath
org.jetbrains.kotlinx:kotlinx-datetime-jvm:0.6.1=compileClasspath,implementationDependenciesMetadata,nativeImageClasspath,nativeImageTestClasspath,runtimeClasspath,testCompileClasspath,testImplementationDependenciesMetadata,testRuntimeClasspath
org.jetbrains.kotlinx:kotlinx-html-jvm:0.8.1=detekt
org.jetbrains.kotlinx:kotlinx-io-bytestring-jvm:0.5.4=compileClasspath,nativeImageClasspath,nativeImageTestClasspath,runtimeClasspath,testCompileClasspath,testRuntimeClasspath
org.jetbrains.kotlinx:kotlinx-io-bytestring:0.5.4=compileClasspath,implementationDependenciesMetadata,nativeImageClasspath,nativeImageTestClasspath,runtimeClasspath,testCompileClasspath,testImplementationDependenciesMetadata,testRuntimeClasspath
org.jetbrains.kotlinx:kotlinx-io-core-jvm:0.5.4=compileClasspath,nativeImageClasspath,nativeImageTestClasspath,runtimeClasspath,testCompileClasspath,testRuntimeClasspath
org.jetbrains.kotlinx:kotlinx-io-core:0.5.4=compileClasspath,implementationDependenciesMetadata,nativeImageClasspath,nativeImageTestClasspath,runtimeClasspath,testCompileClasspath,testImplementationDependenciesMetadata,testRuntimeClasspath
org.jetbrains.kotlinx:kotlinx-serialization-bom:1.7.3=compileClasspath,nativeImageClasspath,nativeImageTestClasspath,runtimeClasspath,testCompileClasspath,testRuntimeClasspath
org.jetbrains.kotlinx:kotlinx-serialization-core-jvm:1.4.1=detekt,ktlint
org.jetbrains.kotlinx:kotlinx-serialization-core-jvm:1.7.3=compileClasspath,nativeImageClasspath,nativeImageTestClasspath,runtimeClasspath,testCompileClasspath,testRuntimeClasspath
org.jetbrains.kotlinx:kotlinx-serialization-core:1.4.1=detekt,ktlint
org.jetbrains.kotlinx:kotlinx-serialization-core:1.7.3=compileClasspath,implementationDependenciesMetadata,nativeImageClasspath,nativeImageTestClasspath,runtimeClasspath,testCompileClasspath,testImplementationDependenciesMetadata,testRuntimeClasspath
org.jetbrains.kotlinx:kotlinx-serialization-json-io-jvm:1.7.3=compileClasspath,nativeImageClasspath,nativeImageTestClasspath,runtimeClasspath,testCompileClasspath,testRuntimeClasspath
org.jetbrains.kotlinx:kotlinx-serialization-json-io:1.7.3=compileClasspath,implementationDependenciesMetadata,nativeImageClasspath,nativeImageTestClasspath,runtimeClasspath,testCompileClasspath,testImplementationDependenciesMetadata,testRuntimeClasspath
org.jetbrains.kotlinx:kotlinx-serialization-json-jvm:1.4.1=detekt,ktlint
org.jetbrains.kotlinx:kotlinx-serialization-json-jvm:1.7.3=compileClasspath,nativeImageClasspath,nativeImageTestClasspath,runtimeClasspath,testCompileClasspath,testRuntimeClasspath
org.jetbrains.kotlinx:kotlinx-serialization-json:1.4.1=detekt,ktlint
org.jetbrains.kotlinx:kotlinx-serialization-json:1.7.3=compileClasspath,implementationDependenciesMetadata,nativeImageClasspath,nativeImageTestClasspath,runtimeClasspath,testCompileClasspath,testImplementationDependenciesMetadata,testRuntimeClasspath
org.jetbrains:annotations:13.0=detekt,kotlinBuildToolsApiClasspath,kotlinCompilerClasspath,kotlinCompilerPluginClasspathMain,kotlinCompilerPluginClasspathTest,kotlinKlibCommonizerClasspath,ktlint
org.jetbrains:annotations:23.0.0=compileClasspath,nativeImageClasspath,nativeImageTestClasspath,runtimeClasspath,testCompileClasspath,testRuntimeClasspath
org.junit.jupiter:junit-jupiter-api:5.11.4=nativeImageTestClasspath,testCompileClasspath,testImplementationDependenciesMetadata,testRuntimeClasspath
org.junit.jupiter:junit-jupiter-engine:5.11.4=nativeImageTestClasspath,testRuntimeClasspath
org.junit.jupiter:junit-jupiter-params:5.11.4=nativeImageTestClasspath,testCompileClasspath,testImplementationDependenciesMetadata,testRuntimeClasspath
org.junit.jupiter:junit-jupiter:5.11.4=nativeImageTestClasspath,testCompileClasspath,testImplementationDependenciesMetadata,testRuntimeClasspath
org.junit.platform:junit-platform-commons:1.11.4=nativeImageTestClasspath,testCompileClasspath,testImplementationDependenciesMetadata,testRuntimeClasspath
org.junit.platform:junit-platform-console:1.11.4=nativeImageTestClasspath,testRuntimeClasspath
org.junit.platform:junit-platform-engine:1.11.4=nativeImageTestClasspath,testCompileClasspath,testRuntimeClasspath
org.junit.platform:junit-platform-launcher:1.11.4=nativeImageTestClasspath,testCompileClasspath,testRuntimeClasspath
org.junit.platform:junit-platform-reporting:1.11.4=nativeImageTestClasspath,testRuntimeClasspath
org.junit.platform:junit-platform-suite-api:1.11.4=nativeImageTestClasspath,testCompileClasspath,testRuntimeClasspath
org.junit:junit-bom:5.11.4=nativeImageTestClasspath,testCompileClasspath,testImplementationDependenciesMetadata,testRuntimeClasspath
org.latencyutils:LatencyUtils:2.0.3=nativeImageClasspath,nativeImageTestClasspath,runtimeClasspath,testRuntimeClasspath
org.objenesis:objenesis:3.3=nativeImageTestClasspath,testCompileClasspath,testRuntimeClasspath
org.opentest4j:opentest4j:1.3.0=nativeImageTestClasspath,testCompileClasspath,testImplementationDependenciesMetadata,testRuntimeClasspath
org.slf4j:slf4j-api:2.0.16=compileClasspath,implementationDependenciesMetadata,nativeImageClasspath,nativeImageTestClasspath,runtimeClasspath,testCompileClasspath,testImplementationDependenciesMetadata,testRuntimeClasspath
org.slf4j:slf4j-api:2.0.7=ktlint
org.snakeyaml:snakeyaml-engine:2.7=detekt
org.xerial:sqlite-jdbc:3.47.2.0=compileClasspath,implementationDependenciesMetadata,nativeImageClasspath,nativeImageTestClasspath,runtimeClasspath,testCompileClasspath,testImplementationDependenciesMetadata,testRuntimeClasspath
org.yaml:snakeyaml:2.2=nativeImageClasspath,nativeImageTestClasspath,runtimeClasspath,testRuntimeClasspath
empty=annotationProcessor,compileOnlyDependenciesMetadata,detektPlugins,intransitiveDependenciesMetadata,kotlinCompilerPluginClasspath,kotlinNativeCompilerPluginClasspath,kotlinScriptDefExtensions,shadow,testAnnotationProcessor,testApiDependenciesMetadata,testCompileOnlyDependenciesMetadata,testIntransitiveDependenciesMetadata,testKotlinScriptDefExtensions
